{
  "requires": true,
  "lockfileVersion": 1,
  "dependencies": {
    "@googlemaps/js-api-loader": {
      "version": "1.8.0",
      "resolved": "https://registry.npmjs.org/@googlemaps/js-api-loader/-/js-api-loader-1.8.0.tgz",
      "integrity": "sha512-aFxlJVFOC00KELhlaqU6tpnxj9szVdG7OSHxQzc9uhp4Ky8/zvYNnzZg2S+pPvhe+WkJPugQL8fowP5nYTBXUg=="
    }
  }
}
